
Microsoft Visual Studio Solution File, Format Version 12.00
# Visual Studio Version 17
VisualStudioVersion = 17.7.34031.279
MinimumVisualStudioVersion = 10.0.40219.1
Project("{9A19103F-16F7-4668-BE54-9A1E7A4F7556}") = "TipCalculator.Server", "PriceQuatation\Server\TipCalculator.Server.csproj", "{E4FB5E46-EE38-4966-BA37-D35115B2122E}"
EndProject
Project("{9A19103F-16F7-4668-BE54-9A1E7A4F7556}") = "TipCalculator.Client", "PriceQuatation\Client\TipCalculator.Client.csproj", "{8D7508BC-6710-4FCF-8DEB-FC85DA270B36}"
EndProject
Project("{9A19103F-16F7-4668-BE54-9A1E7A4F7556}") = "TipCalculator.Shared", "PriceQuatation\Shared\TipCalculator.Shared.csproj", "{06D71D3A-E8E6-4E1F-B471-C9D6F4302BF7}"
EndProject
Global
	GlobalSection(SolutionConfigurationPlatforms) = preSolution
		Debug|Any CPU = Debug|Any CPU
		Release|Any CPU = Release|Any CPU
	EndGlobalSection
	GlobalSection(ProjectConfigurationPlatforms) = postSolution
		{E4FB5E46-EE38-4966-BA37-D35115B2122E}.Debug|Any CPU.ActiveCfg = Debug|Any CPU
		{E4FB5E46-EE38-4966-BA37-D35115B2122E}.Debug|Any CPU.Build.0 = Debug|Any CPU
		{E4FB5E46-EE38-4966-BA37-D35115B2122E}.Release|Any CPU.ActiveCfg = Release|Any CPU
		{E4FB5E46-EE38-4966-BA37-D35115B2122E}.Release|Any CPU.Build.0 = Release|Any CPU
		{8D7508BC-6710-4FCF-8DEB-FC85DA270B36}.Debug|Any CPU.ActiveCfg = Debug|Any CPU
		{8D7508BC-6710-4FCF-8DEB-FC85DA270B36}.Debug|Any CPU.Build.0 = Debug|Any CPU
		{8D7508BC-6710-4FCF-8DEB-FC85DA270B36}.Release|Any CPU.ActiveCfg = Release|Any CPU
		{8D7508BC-6710-4FCF-8DEB-FC85DA270B36}.Release|Any CPU.Build.0 = Release|Any CPU
		{06D71D3A-E8E6-4E1F-B471-C9D6F4302BF7}.Debug|Any CPU.ActiveCfg = Debug|Any CPU
		{06D71D3A-E8E6-4E1F-B471-C9D6F4302BF7}.Debug|Any CPU.Build.0 = Debug|Any CPU
		{06D71D3A-E8E6-4E1F-B471-C9D6F4302BF7}.Release|Any CPU.ActiveCfg = Release|Any CPU
		{06D71D3A-E8E6-4E1F-B471-C9D6F4302BF7}.Release|Any CPU.Build.0 = Release|Any CPU
	EndGlobalSection
	GlobalSection(SolutionProperties) = preSolution
		HideSolutionNode = FALSE
	EndGlobalSection
	GlobalSection(ExtensibilityGlobals) = postSolution
		SolutionGuid = {D0191B5B-4157-45F4-B60F-C21227FD0762}
	EndGlobalSection
EndGlobal
